
Microsoft Visual Studio Solution File, Format Version 12.00
# Visual Studio 15
VisualStudioVersion = 15.0.28307.902
MinimumVisualStudioVersion = 10.0.40219.1
Project("{8BC9CEB8-8B4A-11D0-8D11-00A0C91BC942}") = "API_FrameWork", "API_FrameWork.vcxproj", "{8FF13C43-33AC-4F4E-825D-B864A3A51362}"
EndProject
Global
	GlobalSection(SolutionConfigurationPlatforms) = preSolution
		Debug|x64 = Debug|x64
		Debug|x86 = Debug|x86
		Release|x64 = Release|x64
		Release|x86 = Release|x86
	EndGlobalSection
	GlobalSection(ProjectConfigurationPlatforms) = postSolution
		{8FF13C43-33AC-4F4E-825D-B864A3A51362}.Debug|x64.ActiveCfg = Debug|x64
		{8FF13C43-33AC-4F4E-825D-B864A3A51362}.Debug|x64.Build.0 = Debug|x64
		{8FF13C43-33AC-4F4E-825D-B864A3A51362}.Debug|x86.ActiveCfg = Debug|Win32
		{8FF13C43-33AC-4F4E-825D-B864A3A51362}.Debug|x86.Build.0 = Debug|Win32
		{8FF13C43-33AC-4F4E-825D-B864A3A51362}.Release|x64.ActiveCfg = Release|x64
		{8FF13C43-33AC-4F4E-825D-B864A3A51362}.Release|x64.Build.0 = Release|x64
		{8FF13C43-33AC-4F4E-825D-B864A3A51362}.Release|x86.ActiveCfg = Release|Win32
		{8FF13C43-33AC-4F4E-825D-B864A3A51362}.Release|x86.Build.0 = Release|Win32
	EndGlobalSection
	GlobalSection(SolutionProperties) = preSolution
		HideSolutionNode = FALSE
	EndGlobalSection
	GlobalSection(ExtensibilityGlobals) = postSolution
		SolutionGuid = {A8A94597-A9C3-4480-A310-8F78779482FE}
	EndGlobalSection
EndGlobal
